
Microsoft Visual Studio Solution File, Format Version 12.00
Project("{FAE04EC0-301F-11D3-BF4B-00C04F79EFBC}") = "PlantCare.API", "PlantCare.API\PlantCare.API.csproj", "{346E4276-6319-4808-BE46-FB0FF01E6B30}"
EndProject
Project("{FAE04EC0-301F-11D3-BF4B-00C04F79EFBC}") = "PlantCare.API.Services", "PlantCare.API.Services\PlantCare.API.Services.csproj", "{9C0C9034-2F55-43D0-91D7-59652EA0E413}"
EndProject
Project("{FAE04EC0-301F-11D3-BF4B-00C04F79EFBC}") = "PlantCare.API.DataAccess", "PlantCare.API.DataAccess\PlantCare.API.DataAccess.csproj", "{C223DED6-906A-42A0-9053-9BB6A4D9D1DA}"
EndProject
Project("{FAE04EC0-301F-11D3-BF4B-00C04F79EFBC}") = "PlantCare.API.DataAccess.Tests", "PlantCare.API.DataAccess.Tests\PlantCare.API.DataAccess.Tests.csproj", "{21FD358E-AD09-42C2-B43F-E061D93C711F}"
EndProject
Project("{FAE04EC0-301F-11D3-BF4B-00C04F79EFBC}") = "PlantCare.API.Services.Tests", "PlantCare.API.Services.Tests\PlantCare.API.Services.Tests.csproj", "{8655D7FE-8467-4FEF-A21C-3A1FE496E587}"
EndProject
Project("{FAE04EC0-301F-11D3-BF4B-00C04F79EFBC}") = "PlantCare.API.SignalR", "PlantCare.API.SignalR\PlantCare.API.SignalR.csproj", "{4F06729E-19BD-43E7-93BB-0C28D7FC99D6}"
EndProject
Project("{2150E333-8FDC-42A3-9474-1A3956D46DE8}") = "PlantCare.API.SignalR", "PlantCare.API.SignalR", "{17E90DF9-B8A9-4740-BBC4-4B0F21E7FC82}"
EndProject
Global
	GlobalSection(SolutionConfigurationPlatforms) = preSolution
		Debug|Any CPU = Debug|Any CPU
		Release|Any CPU = Release|Any CPU
	EndGlobalSection
	GlobalSection(ProjectConfigurationPlatforms) = postSolution
		{346E4276-6319-4808-BE46-FB0FF01E6B30}.Debug|Any CPU.ActiveCfg = Debug|Any CPU
		{346E4276-6319-4808-BE46-FB0FF01E6B30}.Debug|Any CPU.Build.0 = Debug|Any CPU
		{346E4276-6319-4808-BE46-FB0FF01E6B30}.Release|Any CPU.ActiveCfg = Release|Any CPU
		{346E4276-6319-4808-BE46-FB0FF01E6B30}.Release|Any CPU.Build.0 = Release|Any CPU
		{9C0C9034-2F55-43D0-91D7-59652EA0E413}.Debug|Any CPU.ActiveCfg = Debug|Any CPU
		{9C0C9034-2F55-43D0-91D7-59652EA0E413}.Debug|Any CPU.Build.0 = Debug|Any CPU
		{9C0C9034-2F55-43D0-91D7-59652EA0E413}.Release|Any CPU.ActiveCfg = Release|Any CPU
		{9C0C9034-2F55-43D0-91D7-59652EA0E413}.Release|Any CPU.Build.0 = Release|Any CPU
		{C223DED6-906A-42A0-9053-9BB6A4D9D1DA}.Debug|Any CPU.ActiveCfg = Debug|Any CPU
		{C223DED6-906A-42A0-9053-9BB6A4D9D1DA}.Debug|Any CPU.Build.0 = Debug|Any CPU
		{C223DED6-906A-42A0-9053-9BB6A4D9D1DA}.Release|Any CPU.ActiveCfg = Release|Any CPU
		{C223DED6-906A-42A0-9053-9BB6A4D9D1DA}.Release|Any CPU.Build.0 = Release|Any CPU
		{21FD358E-AD09-42C2-B43F-E061D93C711F}.Debug|Any CPU.ActiveCfg = Debug|Any CPU
		{21FD358E-AD09-42C2-B43F-E061D93C711F}.Debug|Any CPU.Build.0 = Debug|Any CPU
		{21FD358E-AD09-42C2-B43F-E061D93C711F}.Release|Any CPU.ActiveCfg = Release|Any CPU
		{21FD358E-AD09-42C2-B43F-E061D93C711F}.Release|Any CPU.Build.0 = Release|Any CPU
		{8655D7FE-8467-4FEF-A21C-3A1FE496E587}.Debug|Any CPU.ActiveCfg = Debug|Any CPU
		{8655D7FE-8467-4FEF-A21C-3A1FE496E587}.Debug|Any CPU.Build.0 = Debug|Any CPU
		{8655D7FE-8467-4FEF-A21C-3A1FE496E587}.Release|Any CPU.ActiveCfg = Release|Any CPU
		{8655D7FE-8467-4FEF-A21C-3A1FE496E587}.Release|Any CPU.Build.0 = Release|Any CPU
		{4F06729E-19BD-43E7-93BB-0C28D7FC99D6}.Debug|Any CPU.ActiveCfg = Debug|Any CPU
		{4F06729E-19BD-43E7-93BB-0C28D7FC99D6}.Debug|Any CPU.Build.0 = Debug|Any CPU
		{4F06729E-19BD-43E7-93BB-0C28D7FC99D6}.Release|Any CPU.ActiveCfg = Release|Any CPU
		{4F06729E-19BD-43E7-93BB-0C28D7FC99D6}.Release|Any CPU.Build.0 = Release|Any CPU
	EndGlobalSection
EndGlobal
