
Microsoft Visual Studio Solution File, Format Version 12.00
Project("{FAE04EC0-301F-11D3-BF4B-00C04F79EFBC}") = "PlantCare.API", "PlantCare.API\PlantCare.API.csproj", "{A740863D-BA11-44E9-B461-8113F8AD04E1}"
EndProject
Project("{FAE04EC0-301F-11D3-BF4B-00C04F79EFBC}") = "PlantCare.Domain", "PlantCare.Domain\PlantCare.Domain.csproj", "{A48CE3F1-BC76-4D6B-ABEB-49F805895D64}"
EndProject
Project("{FAE04EC0-301F-11D3-BF4B-00C04F79EFBC}") = "PlantCare.Commands", "PlantCare.Commands\PlantCare.Commands.csproj", "{6153D2CD-F1C8-422A-8EF8-7C0E869C6213}"
EndProject
Project("{FAE04EC0-301F-11D3-BF4B-00C04F79EFBC}") = "PlantCare.Queries", "PlantCare.Queries\PlantCare.Queries.csproj", "{36735737-02FE-4948-9433-6830226EDD53}"
EndProject
Project("{FAE04EC0-301F-11D3-BF4B-00C04F79EFBC}") = "PlantCare.Persistance.ReadDataManager", "PlantCare.Persistance.ReadDataManager\PlantCare.Persistance.ReadDataManager.csproj", "{BAF765E1-3ADC-4756-B27C-F1068B4A4FD0}"
EndProject
Project("{FAE04EC0-301F-11D3-BF4B-00C04F79EFBC}") = "PlantCare.Persistance.WriteDataManager", "PlantCare.Persistance.WriteDataManager\PlantCare.Persistance.WriteDataManager.csproj", "{2616DE5F-65DC-4205-B49B-A2C820C2AA00}"
EndProject
Project("{FAE04EC0-301F-11D3-BF4B-00C04F79EFBC}") = "PlantCare.Persistance", "PlantCare.Persistance\PlantCare.Persistance.csproj", "{6571D796-71B8-4772-A21A-57370D135125}"
EndProject
Project("{FAE04EC0-301F-11D3-BF4B-00C04F79EFBC}") = "PlantCare.MessageBroker", "PlantCare.MessageBroker\PlantCare.MessageBroker.csproj", "{AD9443B5-E935-43AD-ADE9-4C0088BF18F2}"
EndProject
Project("{FAE04EC0-301F-11D3-BF4B-00C04F79EFBC}") = "PlantCare.ConsistencyManager", "PlantCare.ConsistencyManager\PlantCare.ConsistencyManager.csproj", "{438DAD78-D993-4B4F-9450-0E6765B1E907}"
EndProject
Global
	GlobalSection(SolutionConfigurationPlatforms) = preSolution
		Debug|Any CPU = Debug|Any CPU
		Release|Any CPU = Release|Any CPU
	EndGlobalSection
	GlobalSection(ProjectConfigurationPlatforms) = postSolution
		{A740863D-BA11-44E9-B461-8113F8AD04E1}.Debug|Any CPU.ActiveCfg = Debug|Any CPU
		{A740863D-BA11-44E9-B461-8113F8AD04E1}.Debug|Any CPU.Build.0 = Debug|Any CPU
		{A740863D-BA11-44E9-B461-8113F8AD04E1}.Release|Any CPU.ActiveCfg = Release|Any CPU
		{A740863D-BA11-44E9-B461-8113F8AD04E1}.Release|Any CPU.Build.0 = Release|Any CPU
		{A48CE3F1-BC76-4D6B-ABEB-49F805895D64}.Debug|Any CPU.ActiveCfg = Debug|Any CPU
		{A48CE3F1-BC76-4D6B-ABEB-49F805895D64}.Debug|Any CPU.Build.0 = Debug|Any CPU
		{A48CE3F1-BC76-4D6B-ABEB-49F805895D64}.Release|Any CPU.ActiveCfg = Release|Any CPU
		{A48CE3F1-BC76-4D6B-ABEB-49F805895D64}.Release|Any CPU.Build.0 = Release|Any CPU
		{6153D2CD-F1C8-422A-8EF8-7C0E869C6213}.Debug|Any CPU.ActiveCfg = Debug|Any CPU
		{6153D2CD-F1C8-422A-8EF8-7C0E869C6213}.Debug|Any CPU.Build.0 = Debug|Any CPU
		{6153D2CD-F1C8-422A-8EF8-7C0E869C6213}.Release|Any CPU.ActiveCfg = Release|Any CPU
		{6153D2CD-F1C8-422A-8EF8-7C0E869C6213}.Release|Any CPU.Build.0 = Release|Any CPU
		{36735737-02FE-4948-9433-6830226EDD53}.Debug|Any CPU.ActiveCfg = Debug|Any CPU
		{36735737-02FE-4948-9433-6830226EDD53}.Debug|Any CPU.Build.0 = Debug|Any CPU
		{36735737-02FE-4948-9433-6830226EDD53}.Release|Any CPU.ActiveCfg = Release|Any CPU
		{36735737-02FE-4948-9433-6830226EDD53}.Release|Any CPU.Build.0 = Release|Any CPU
		{BAF765E1-3ADC-4756-B27C-F1068B4A4FD0}.Debug|Any CPU.ActiveCfg = Debug|Any CPU
		{BAF765E1-3ADC-4756-B27C-F1068B4A4FD0}.Debug|Any CPU.Build.0 = Debug|Any CPU
		{BAF765E1-3ADC-4756-B27C-F1068B4A4FD0}.Release|Any CPU.ActiveCfg = Release|Any CPU
		{BAF765E1-3ADC-4756-B27C-F1068B4A4FD0}.Release|Any CPU.Build.0 = Release|Any CPU
		{2616DE5F-65DC-4205-B49B-A2C820C2AA00}.Debug|Any CPU.ActiveCfg = Debug|Any CPU
		{2616DE5F-65DC-4205-B49B-A2C820C2AA00}.Debug|Any CPU.Build.0 = Debug|Any CPU
		{2616DE5F-65DC-4205-B49B-A2C820C2AA00}.Release|Any CPU.ActiveCfg = Release|Any CPU
		{2616DE5F-65DC-4205-B49B-A2C820C2AA00}.Release|Any CPU.Build.0 = Release|Any CPU
		{6571D796-71B8-4772-A21A-57370D135125}.Debug|Any CPU.ActiveCfg = Debug|Any CPU
		{6571D796-71B8-4772-A21A-57370D135125}.Debug|Any CPU.Build.0 = Debug|Any CPU
		{6571D796-71B8-4772-A21A-57370D135125}.Release|Any CPU.ActiveCfg = Release|Any CPU
		{6571D796-71B8-4772-A21A-57370D135125}.Release|Any CPU.Build.0 = Release|Any CPU
		{AD9443B5-E935-43AD-ADE9-4C0088BF18F2}.Debug|Any CPU.ActiveCfg = Debug|Any CPU
		{AD9443B5-E935-43AD-ADE9-4C0088BF18F2}.Debug|Any CPU.Build.0 = Debug|Any CPU
		{AD9443B5-E935-43AD-ADE9-4C0088BF18F2}.Release|Any CPU.ActiveCfg = Release|Any CPU
		{AD9443B5-E935-43AD-ADE9-4C0088BF18F2}.Release|Any CPU.Build.0 = Release|Any CPU
		{438DAD78-D993-4B4F-9450-0E6765B1E907}.Debug|Any CPU.ActiveCfg = Debug|Any CPU
		{438DAD78-D993-4B4F-9450-0E6765B1E907}.Debug|Any CPU.Build.0 = Debug|Any CPU
		{438DAD78-D993-4B4F-9450-0E6765B1E907}.Release|Any CPU.ActiveCfg = Release|Any CPU
		{438DAD78-D993-4B4F-9450-0E6765B1E907}.Release|Any CPU.Build.0 = Release|Any CPU
	EndGlobalSection
EndGlobal
