
Microsoft Visual Studio Solution File, Format Version 12.00
Project("{FAE04EC0-301F-11D3-BF4B-00C04F79EFBC}") = "PlantCare.API", "PlantCare.API\PlantCare.API.csproj", "{346E4276-6319-4808-BE46-FB0FF01E6B30}"
EndProject
Project("{FAE04EC0-301F-11D3-BF4B-00C04F79EFBC}") = "PlantCare.API.Services", "PlantCare.API.Services\PlantCare.API.Services.csproj", "{9C0C9034-2F55-43D0-91D7-59652EA0E413}"
EndProject
Project("{FAE04EC0-301F-11D3-BF4B-00C04F79EFBC}") = "PlantCare.API.DataAccess", "PlantCare.API.DataAccess\PlantCare.API.DataAccess.csproj", "{C223DED6-906A-42A0-9053-9BB6A4D9D1DA}"
EndProject
Project("{FAE04EC0-301F-11D3-BF4B-00C04F79EFBC}") = "PlantCare.API.DataAccess.Tests", "PlantCare.API.DataAccess.Tests\PlantCare.API.DataAccess.Tests.csproj", "{21FD358E-AD09-42C2-B43F-E061D93C711F}"
EndProject
Global
	GlobalSection(SolutionConfigurationPlatforms) = preSolution
		Debug|Any CPU = Debug|Any CPU
		Release|Any CPU = Release|Any CPU
	EndGlobalSection
	GlobalSection(ProjectConfigurationPlatforms) = postSolution
		{346E4276-6319-4808-BE46-FB0FF01E6B30}.Debug|Any CPU.ActiveCfg = Debug|Any CPU
		{346E4276-6319-4808-BE46-FB0FF01E6B30}.Debug|Any CPU.Build.0 = Debug|Any CPU
		{346E4276-6319-4808-BE46-FB0FF01E6B30}.Release|Any CPU.ActiveCfg = Release|Any CPU
		{346E4276-6319-4808-BE46-FB0FF01E6B30}.Release|Any CPU.Build.0 = Release|Any CPU
		{9C0C9034-2F55-43D0-91D7-59652EA0E413}.Debug|Any CPU.ActiveCfg = Debug|Any CPU
		{9C0C9034-2F55-43D0-91D7-59652EA0E413}.Debug|Any CPU.Build.0 = Debug|Any CPU
		{9C0C9034-2F55-43D0-91D7-59652EA0E413}.Release|Any CPU.ActiveCfg = Release|Any CPU
		{9C0C9034-2F55-43D0-91D7-59652EA0E413}.Release|Any CPU.Build.0 = Release|Any CPU
		{C223DED6-906A-42A0-9053-9BB6A4D9D1DA}.Debug|Any CPU.ActiveCfg = Debug|Any CPU
		{C223DED6-906A-42A0-9053-9BB6A4D9D1DA}.Debug|Any CPU.Build.0 = Debug|Any CPU
		{C223DED6-906A-42A0-9053-9BB6A4D9D1DA}.Release|Any CPU.ActiveCfg = Release|Any CPU
		{C223DED6-906A-42A0-9053-9BB6A4D9D1DA}.Release|Any CPU.Build.0 = Release|Any CPU
		{21FD358E-AD09-42C2-B43F-E061D93C711F}.Debug|Any CPU.ActiveCfg = Debug|Any CPU
		{21FD358E-AD09-42C2-B43F-E061D93C711F}.Debug|Any CPU.Build.0 = Debug|Any CPU
		{21FD358E-AD09-42C2-B43F-E061D93C711F}.Release|Any CPU.ActiveCfg = Release|Any CPU
		{21FD358E-AD09-42C2-B43F-E061D93C711F}.Release|Any CPU.Build.0 = Release|Any CPU
	EndGlobalSection
EndGlobal
